
Microsoft Visual Studio Solution File, Format Version 12.00
# Visual Studio Version 17
VisualStudioVersion = 17.7.34031.279
MinimumVisualStudioVersion = 10.0.40219.1
Project("{FAE04EC0-301F-11D3-BF4B-00C04F79EFBC}") = "BandProject", "BandProject\BandProject.csproj", "{7ED5B2C3-E318-44AA-B0BE-09F4C57EDE83}"
EndProject
Global
	GlobalSection(SolutionConfigurationPlatforms) = preSolution
		Debug|Any CPU = Debug|Any CPU
		Release|Any CPU = Release|Any CPU
	EndGlobalSection
	GlobalSection(ProjectConfigurationPlatforms) = postSolution
		{7ED5B2C3-E318-44AA-B0BE-09F4C57EDE83}.Debug|Any CPU.ActiveCfg = Debug|Any CPU
		{7ED5B2C3-E318-44AA-B0BE-09F4C57EDE83}.Debug|Any CPU.Build.0 = Debug|Any CPU
		{7ED5B2C3-E318-44AA-B0BE-09F4C57EDE83}.Release|Any CPU.ActiveCfg = Release|Any CPU
		{7ED5B2C3-E318-44AA-B0BE-09F4C57EDE83}.Release|Any CPU.Build.0 = Release|Any CPU
	EndGlobalSection
	GlobalSection(SolutionProperties) = preSolution
		HideSolutionNode = FALSE
	EndGlobalSection
	GlobalSection(ExtensibilityGlobals) = postSolution
		SolutionGuid = {A6E0A10E-93A6-4C47-8AFC-29F31E39F4D4}
	EndGlobalSection
EndGlobal
